<?xml version="1.0"?>
<CONFIG>
  <ProjectOptions>
    <Version Value="9"/>
    <PathDelim Value="\"/>
    <General>
      <SessionStorage Value="InProjectDir"/>
      <MainUnit Value="0"/>
      <Title Value="AnimatioEditor"/>
      <ResourceType Value="res"/>
      <UseXPManifest Value="True"/>
      <Icon Value="0"/>
    </General>
    <i18n>
      <EnableI18N LFM="False"/>
    </i18n>
    <VersionInfo>
      <UseVersionInfo Value="True"/>
      <AutoIncrementBuild Value="True"/>
      <MajorVersionNr Value="1"/>
      <BuildNr Value="29"/>
      <StringTable CompanyName="Anonymous" ProductName="Animation Editor" ProductVersion="1.0"/>
    </VersionInfo>
    <BuildModes Count="2">
      <Item1 Name="debug" Default="True"/>
      <Item2 Name="release">
        <CompilerOptions>
          <Version Value="11"/>
          <PathDelim Value="\"/>
          <Target>
            <Filename Value="../bin/bin/$(TargetOS)_AnimationEditor"/>
          </Target>
          <SearchPaths>
            <IncludeFiles Value="$(ProjOutDir);$(LazarusDir)\lcl\units\i386-win32;$(LazarusDir)\lcl\include;C:\codetyphon\fpcsrc\;$(LazarusDir)\lcl\interfaces\win32;$(LazarusDir)\lcl\widgetset;$(LazarusDir)\components\rtticontrols;$(LazarusDir)\components\lazcontrols;$(LazarusDir)\components\pl_RX\source;$(LazarusDir)\components\rx;$(LazarusDir)\ideintf;$(LazarusDir)\lcl;$(LazarusDir)\lcl\forms;C:\codetyphon\lazarus\components\pl_lclextensions\source\include\;C:\codetyphon\lazarus\components\pl_VirtualTrees\source\include\"/>
            <OtherUnitFiles Value="..;$(LazarusDir)\lcl\widgetset;$(LazarusDir)\lcl\interfaces\win32;$(LazarusDir)\components\rtticontrols;$(LazarusDir)\components\lazcontrols;$(LazarusDir)\components\pl_RX\source;C:\codetyphon\lazarus\components\pl_VirtualTrees\source\;$(LazarusDir)\components\rx;C:\codetyphon\lazarus\components\pl_VirtualTrees\;C:\codetyphon\lazarus\components\pl_VirtualTrees\source\units\;C:\codetyphon\lazarus\components\pl_lclextensions\source\;$(LazarusDir)\ideintf;$(LazarusDir)\lcl;$(LazarusDir)\lcl\forms;..\src;..\units"/>
            <UnitOutputDirectory Value="../crap/$(TargetCPU)-$(TargetOS)"/>
          </SearchPaths>
          <CodeGeneration>
            <SmartLinkUnit Value="True"/>
            <RelocatableUnit Value="True"/>
          </CodeGeneration>
          <Linking>
            <Debugging>
              <GenerateDebugInfo Value="False"/>
              <DebugInfoType Value="dsDwarf2"/>
              <UseValgrind Value="True"/>
              <UseExternalDbgSyms Value="True"/>
            </Debugging>
            <LinkSmart Value="True"/>
            <Options>
              <Win32>
                <GraphicApplication Value="True"/>
              </Win32>
            </Options>
          </Linking>
          <Other>
            <Verbosity>
              <ShowHints Value="False"/>
            </Verbosity>
            <CompilerMessages>
              <UseMsgFile Value="True"/>
            </CompilerMessages>
            <CustomOptions Value="-dEDITOR -dHANDLER_FILE -dHANDLER_BUFFER"/>
            <CompilerPath Value="$(CompPath)"/>
          </Other>
        </CompilerOptions>
      </Item2>
    </BuildModes>
    <PublishOptions>
      <Version Value="2"/>
      <IncludeFileFilter Value="*.(pas|pp|inc|lfm|lpr|lrs|lpi|lpk|sh|xml)"/>
      <ExcludeFileFilter Value="*.(bak|ppu|o|so);*~;backup"/>
    </PublishOptions>
    <RunParams>
      <local>
        <FormatVersion Value="1"/>
      </local>
    </RunParams>
    <RequiredPackages Count="3">
      <Item1>
        <PackageName Value="pl_virtualtrees"/>
      </Item1>
      <Item2>
        <PackageName Value="RunTimeTypeInfoControls"/>
      </Item2>
      <Item3>
        <PackageName Value="LCL"/>
      </Item3>
    </RequiredPackages>
    <Units Count="10">
      <Unit0>
        <Filename Value="AnimatioEditor.lpr"/>
        <IsPartOfProject Value="True"/>
        <UnitName Value="AnimatioEditor"/>
      </Unit0>
      <Unit1>
        <Filename Value="..\src\u_main.pas"/>
        <IsPartOfProject Value="True"/>
        <ComponentName Value="MainForm"/>
        <HasResources Value="True"/>
        <ResourceBaseClass Value="Form"/>
        <UnitName Value="u_main"/>
      </Unit1>
      <Unit2>
        <Filename Value="..\src\u_render.pas"/>
        <IsPartOfProject Value="True"/>
        <UnitName Value="u_render"/>
      </Unit2>
      <Unit3>
        <Filename Value="..\src\u_editorhistory.pas"/>
        <IsPartOfProject Value="True"/>
        <UnitName Value="u_editorhistory"/>
      </Unit3>
      <Unit4>
        <Filename Value="..\src\u_prop_form.pas"/>
        <IsPartOfProject Value="True"/>
        <ComponentName Value="PropertiesForm"/>
        <HasResources Value="True"/>
        <ResourceBaseClass Value="Form"/>
        <UnitName Value="u_prop_form"/>
      </Unit4>
      <Unit5>
        <Filename Value="..\src\u_proj_form.pas"/>
        <IsPartOfProject Value="True"/>
        <ComponentName Value="ProjectForm"/>
        <HasResources Value="True"/>
        <ResourceBaseClass Value="Form"/>
        <UnitName Value="u_proj_form"/>
      </Unit5>
      <Unit6>
        <Filename Value="..\src\u_preview_form.pas"/>
        <IsPartOfProject Value="True"/>
        <ComponentName Value="PreviewBlenderForm"/>
        <HasResources Value="True"/>
        <ResourceBaseClass Value="Form"/>
        <UnitName Value="u_preview_form"/>
      </Unit6>
      <Unit7>
        <Filename Value="..\units\u_db.pas"/>
        <IsPartOfProject Value="True"/>
        <UnitName Value="u_db"/>
      </Unit7>
      <Unit8>
        <Filename Value="..\units\zglHeader.pas"/>
        <IsPartOfProject Value="True"/>
        <UnitName Value="zglHeader"/>
      </Unit8>
      <Unit9>
        <Filename Value="..\units\u_animation.pas"/>
        <IsPartOfProject Value="True"/>
        <UnitName Value="u_animation"/>
      </Unit9>
    </Units>
  </ProjectOptions>
  <CompilerOptions>
    <Version Value="11"/>
    <PathDelim Value="\"/>
    <Target>
      <Filename Value="../bin/bin/$(TargetOS)_AnimationEditor"/>
    </Target>
    <SearchPaths>
      <IncludeFiles Value="$(ProjOutDir);$(LazarusDir)\lcl\units\i386-win32;$(LazarusDir)\lcl\include;C:\codetyphon\fpcsrc\;$(LazarusDir)\lcl\interfaces\win32;$(LazarusDir)\lcl\widgetset;$(LazarusDir)\components\rtticontrols;$(LazarusDir)\components\lazcontrols;$(LazarusDir)\components\pl_RX\source;$(LazarusDir)\components\rx;$(LazarusDir)\ideintf;$(LazarusDir)\lcl;$(LazarusDir)\lcl\forms;C:\codetyphon\lazarus\components\pl_lclextensions\source\include\;C:\codetyphon\lazarus\components\pl_VirtualTrees\source\include\"/>
      <OtherUnitFiles Value="..;$(LazarusDir)\lcl\widgetset;$(LazarusDir)\lcl\interfaces\win32;$(LazarusDir)\components\rtticontrols;$(LazarusDir)\components\lazcontrols;$(LazarusDir)\components\pl_RX\source;C:\codetyphon\lazarus\components\pl_VirtualTrees\source\;$(LazarusDir)\components\rx;C:\codetyphon\lazarus\components\pl_VirtualTrees\;C:\codetyphon\lazarus\components\pl_VirtualTrees\source\units\;C:\codetyphon\lazarus\components\pl_lclextensions\source\;$(LazarusDir)\ideintf;$(LazarusDir)\lcl;$(LazarusDir)\lcl\forms;..\src;..\units"/>
      <UnitOutputDirectory Value="../crap/$(TargetCPU)-$(TargetOS)"/>
    </SearchPaths>
    <Linking>
      <Debugging>
        <DebugInfoType Value="dsDwarf2"/>
        <UseValgrind Value="True"/>
        <UseExternalDbgSyms Value="True"/>
      </Debugging>
      <Options>
        <Win32>
          <GraphicApplication Value="True"/>
        </Win32>
      </Options>
    </Linking>
    <Other>
      <Verbosity>
        <ShowHints Value="False"/>
      </Verbosity>
      <CompilerMessages>
        <UseMsgFile Value="True"/>
      </CompilerMessages>
      <CustomOptions Value="-dEDITOR -dHANDLER_FILE -dHANDLER_BUFFER"/>
      <CompilerPath Value="$(CompPath)"/>
    </Other>
  </CompilerOptions>
  <Debugging>
    <Exceptions Count="3">
      <Item1>
        <Name Value="EAbort"/>
      </Item1>
      <Item2>
        <Name Value="ECodetoolError"/>
      </Item2>
      <Item3>
        <Name Value="EFOpenError"/>
      </Item3>
    </Exceptions>
  </Debugging>
</CONFIG>
